
Microsoft Visual Studio Solution File, Format Version 12.00
# Visual Studio 2013
VisualStudioVersion = 12.0.30723.0
MinimumVisualStudioVersion = 10.0.40219.1
Project("{FAE04EC0-301F-11D3-BF4B-00C04F79EFBC}") = "stesnyashki", "stesnyashki\stesnyashki.csproj", "{63FE025D-113D-417A-A47E-A45B33D7A85E}"
EndProject
Global
	GlobalSection(SolutionConfigurationPlatforms) = preSolution
		Debug|Any CPU = Debug|Any CPU
		Release|Any CPU = Release|Any CPU
	EndGlobalSection
	GlobalSection(ProjectConfigurationPlatforms) = postSolution
		{63FE025D-113D-417A-A47E-A45B33D7A85E}.Debug|Any CPU.ActiveCfg = Debug|Any CPU
		{63FE025D-113D-417A-A47E-A45B33D7A85E}.Debug|Any CPU.Build.0 = Debug|Any CPU
		{63FE025D-113D-417A-A47E-A45B33D7A85E}.Release|Any CPU.ActiveCfg = Release|Any CPU
		{63FE025D-113D-417A-A47E-A45B33D7A85E}.Release|Any CPU.Build.0 = Release|Any CPU
	EndGlobalSection
	GlobalSection(SolutionProperties) = preSolution
		HideSolutionNode = FALSE
	EndGlobalSection
EndGlobal
